
Microsoft Visual Studio Solution File, Format Version 12.00
# Visual Studio Version 16
VisualStudioVersion = 16.0.30225.117
MinimumVisualStudioVersion = 10.0.40219.1
Project("{FAE04EC0-301F-11D3-BF4B-00C04F79EFBC}") = "BetterComm", "BetterComm.csproj", "{AF536E13-848C-428C-8152-2B40EE4F3821}"
EndProject
Global
	GlobalSection(SolutionConfigurationPlatforms) = preSolution
		Debug|Any CPU = Debug|Any CPU
		Release|Any CPU = Release|Any CPU
	EndGlobalSection
	GlobalSection(ProjectConfigurationPlatforms) = postSolution
		{AF536E13-848C-428C-8152-2B40EE4F3821}.Debug|Any CPU.ActiveCfg = Debug|Any CPU
		{AF536E13-848C-428C-8152-2B40EE4F3821}.Debug|Any CPU.Build.0 = Debug|Any CPU
		{AF536E13-848C-428C-8152-2B40EE4F3821}.Release|Any CPU.ActiveCfg = Release|Any CPU
		{AF536E13-848C-428C-8152-2B40EE4F3821}.Release|Any CPU.Build.0 = Release|Any CPU
	EndGlobalSection
	GlobalSection(SolutionProperties) = preSolution
		HideSolutionNode = FALSE
	EndGlobalSection
	GlobalSection(ExtensibilityGlobals) = postSolution
		SolutionGuid = {1AA04B90-F7E8-4C02-9BE2-3F643CC2647E}
	EndGlobalSection
EndGlobal
